
Microsoft Visual Studio Solution File, Format Version 12.00
# Visual Studio 2012
Project("{FAE04EC0-301F-11D3-BF4B-00C04F79EFBC}") = "MoostBrand", "MoostBrand\MoostBrand.csproj", "{F7A11B21-FC85-4FB9-81E3-6D8CD429C9F7}"
EndProject
Global
	GlobalSection(SolutionConfigurationPlatforms) = preSolution
		Debug|Any CPU = Debug|Any CPU
		Release|Any CPU = Release|Any CPU
	EndGlobalSection
	GlobalSection(ProjectConfigurationPlatforms) = postSolution
		{F7A11B21-FC85-4FB9-81E3-6D8CD429C9F7}.Debug|Any CPU.ActiveCfg = Debug|Any CPU
		{F7A11B21-FC85-4FB9-81E3-6D8CD429C9F7}.Debug|Any CPU.Build.0 = Debug|Any CPU
		{F7A11B21-FC85-4FB9-81E3-6D8CD429C9F7}.Release|Any CPU.ActiveCfg = Release|Any CPU
		{F7A11B21-FC85-4FB9-81E3-6D8CD429C9F7}.Release|Any CPU.Build.0 = Release|Any CPU
	EndGlobalSection
	GlobalSection(SolutionProperties) = preSolution
		HideSolutionNode = FALSE
	EndGlobalSection
EndGlobal
